
Microsoft Visual Studio Solution File, Format Version 12.00
# Visual Studio 15
VisualStudioVersion = 15.0.27703.2026
MinimumVisualStudioVersion = 10.0.40219.1
Project("{FAE04EC0-301F-11D3-BF4B-00C04F79EFBC}") = "SolarlabTest", "SolarlabTest\SolarlabTest.csproj", "{7A3B1A34-E6E1-4142-92E3-1B8A3EB6564C}"
EndProject
Global
	GlobalSection(SolutionConfigurationPlatforms) = preSolution
		Debug|Any CPU = Debug|Any CPU
		Release|Any CPU = Release|Any CPU
	EndGlobalSection
	GlobalSection(ProjectConfigurationPlatforms) = postSolution
		{7A3B1A34-E6E1-4142-92E3-1B8A3EB6564C}.Debug|Any CPU.ActiveCfg = Debug|Any CPU
		{7A3B1A34-E6E1-4142-92E3-1B8A3EB6564C}.Debug|Any CPU.Build.0 = Debug|Any CPU
		{7A3B1A34-E6E1-4142-92E3-1B8A3EB6564C}.Release|Any CPU.ActiveCfg = Release|Any CPU
		{7A3B1A34-E6E1-4142-92E3-1B8A3EB6564C}.Release|Any CPU.Build.0 = Release|Any CPU
	EndGlobalSection
	GlobalSection(SolutionProperties) = preSolution
		HideSolutionNode = FALSE
	EndGlobalSection
	GlobalSection(ExtensibilityGlobals) = postSolution
		SolutionGuid = {B510093D-84FA-46A9-87A2-CC16B3A93042}
	EndGlobalSection
EndGlobal
